
Microsoft Visual Studio Solution File, Format Version 12.00
# Visual Studio 2013
Project("{FAE04EC0-301F-11D3-BF4B-00C04F79EFBC}") = "UnityVS.IGD Final Project ack-ack.CSharp", "UnityVS.IGD Final Project ack-ack.CSharp.csproj", "{AEE079AC-6AD9-D9D8-06B3-929A71746F6E}"
EndProject
Global
	GlobalSection(SolutionConfigurationPlatforms) = preSolution
		Debug|Any CPU = Debug|Any CPU
		Release|Any CPU = Release|Any CPU
	EndGlobalSection
	GlobalSection(ProjectConfigurationPlatforms) = postSolution
		{AEE079AC-6AD9-D9D8-06B3-929A71746F6E}.Debug|Any CPU.ActiveCfg = Debug|Any CPU
		{AEE079AC-6AD9-D9D8-06B3-929A71746F6E}.Debug|Any CPU.Build.0 = Debug|Any CPU
		{AEE079AC-6AD9-D9D8-06B3-929A71746F6E}.Release|Any CPU.ActiveCfg = Release|Any CPU
		{AEE079AC-6AD9-D9D8-06B3-929A71746F6E}.Release|Any CPU.Build.0 = Release|Any CPU
	EndGlobalSection
	GlobalSection(SolutionProperties) = preSolution
		HideSolutionNode = FALSE
	EndGlobalSection
EndGlobal
